
Microsoft Visual Studio Solution File, Format Version 12.00
# Visual Studio Version 17
VisualStudioVersion = 17.7.34221.43
MinimumVisualStudioVersion = 10.0.40219.1
Project("{FAE04EC0-301F-11D3-BF4B-00C04F79EFBC}") = "UptecClientCredentialsConsole", "UptecClientCredentialsConsole\UptecClientCredentialsConsole.csproj", "{F72D27E2-1D62-4BF4-BCF7-98A09BBF9CCD}"
EndProject
Global
	GlobalSection(SolutionConfigurationPlatforms) = preSolution
		Debug|Any CPU = Debug|Any CPU
		Release|Any CPU = Release|Any CPU
	EndGlobalSection
	GlobalSection(ProjectConfigurationPlatforms) = postSolution
		{F72D27E2-1D62-4BF4-BCF7-98A09BBF9CCD}.Debug|Any CPU.ActiveCfg = Debug|Any CPU
		{F72D27E2-1D62-4BF4-BCF7-98A09BBF9CCD}.Debug|Any CPU.Build.0 = Debug|Any CPU
		{F72D27E2-1D62-4BF4-BCF7-98A09BBF9CCD}.Release|Any CPU.ActiveCfg = Release|Any CPU
		{F72D27E2-1D62-4BF4-BCF7-98A09BBF9CCD}.Release|Any CPU.Build.0 = Release|Any CPU
	EndGlobalSection
	GlobalSection(SolutionProperties) = preSolution
		HideSolutionNode = FALSE
	EndGlobalSection
	GlobalSection(ExtensibilityGlobals) = postSolution
		SolutionGuid = {AB6E1095-8A1F-4F6F-9F2F-018FEBE188CA}
	EndGlobalSection
EndGlobal
